
Microsoft Visual Studio Solution File, Format Version 12.00
# Visual Studio Version 17
VisualStudioVersion = 17.2.32630.192
MinimumVisualStudioVersion = 10.0.40219.1
Project("{FAE04EC0-301F-11D3-BF4B-00C04F79EFBC}") = "PokemonApi", "src\PokemonApi\PokemonApi.csproj", "{0E5BA754-9952-4FD6-A124-38CE498BF215}"
EndProject
Global
	GlobalSection(SolutionConfigurationPlatforms) = preSolution
		Debug|Any CPU = Debug|Any CPU
		Release|Any CPU = Release|Any CPU
	EndGlobalSection
	GlobalSection(ProjectConfigurationPlatforms) = postSolution
		{0E5BA754-9952-4FD6-A124-38CE498BF215}.Debug|Any CPU.ActiveCfg = Debug|Any CPU
		{0E5BA754-9952-4FD6-A124-38CE498BF215}.Debug|Any CPU.Build.0 = Debug|Any CPU
		{0E5BA754-9952-4FD6-A124-38CE498BF215}.Release|Any CPU.ActiveCfg = Release|Any CPU
		{0E5BA754-9952-4FD6-A124-38CE498BF215}.Release|Any CPU.Build.0 = Release|Any CPU
	EndGlobalSection
	GlobalSection(SolutionProperties) = preSolution
		HideSolutionNode = FALSE
	EndGlobalSection
	GlobalSection(ExtensibilityGlobals) = postSolution
		SolutionGuid = {B4D28357-4CDA-452C-9A90-03C43D73324A}
	EndGlobalSection
EndGlobal
